// !$*UTF8*$!
{
	archiveVersion = 1;
	classes = {
	};
	objectVersion = 51;
	objects = {

/* Begin PBXBuildFile section */
		EF1A3A8750FA708E686BC1E0 /* Pods_Account.framework in Frameworks */ = {isa = PBXBuildFile; fileRef = 4C44D6DC2D889DC27B274D39 /* Pods_Account.framework */; };
		FA0AF29522CE092600BF58FE /* ProfileManager.swift in Sources */ = {isa = PBXBuildFile; fileRef = FA0AF29422CE092600BF58FE /* ProfileManager.swift */; };
		FA0C99FD22C6866B003AE9EF /* ServerManager.swift in Sources */ = {isa = PBXBuildFile; fileRef = FA0C99FC22C6866B003AE9EF /* ServerManager.swift */; };
		FA10BDDE22D34911001F238E /* GoogleService-Info.plist in Resources */ = {isa = PBXBuildFile; fileRef = FA10BDDD22D34910001F238E /* GoogleService-Info.plist */; };
		FA10BDE122D3A2F0001F238E /* PhoneVerifyViewController.swift in Sources */ = {isa = PBXBuildFile; fileRef = FA10BDE022D3A2F0001F238E /* PhoneVerifyViewController.swift */; };
		FA23DE5822D242CE0038EB07 /* ResetPasswordViewController.swift in Sources */ = {isa = PBXBuildFile; fileRef = FA23DE5722D242CE0038EB07 /* ResetPasswordViewController.swift */; };
		FA478AAC22C36F370019AEBD /* credentials.plist in Resources */ = {isa = PBXBuildFile; fileRef = FA478AAB22C36F370019AEBD /* credentials.plist */; };
		FA478AAF22C377A90019AEBD /* Model.swift in Sources */ = {isa = PBXBuildFile; fileRef = FA478AAE22C377A90019AEBD /* Model.swift */; };
		FA478AB122C379FA0019AEBD /* ProfileViewController.swift in Sources */ = {isa = PBXBuildFile; fileRef = FA478AB022C379FA0019AEBD /* ProfileViewController.swift */; };
		FA66136322CF6A3000631C38 /* Extension.swift in Sources */ = {isa = PBXBuildFile; fileRef = FA66136222CF6A3000631C38 /* Extension.swift */; };
		FAA364FF22D4C9080062E7FE /* PhoneLogInViewController.swift in Sources */ = {isa = PBXBuildFile; fileRef = FAA364FE22D4C9080062E7FE /* PhoneLogInViewController.swift */; };
		FAEE85F322C2355300BC2A4D /* AppDelegate.swift in Sources */ = {isa = PBXBuildFile; fileRef = FAEE85F222C2355300BC2A4D /* AppDelegate.swift */; };
		FAEE85F522C2355300BC2A4D /* ViewController.swift in Sources */ = {isa = PBXBuildFile; fileRef = FAEE85F422C2355300BC2A4D /* ViewController.swift */; };
		FAEE85F822C2355300BC2A4D /* Main.storyboard in Resources */ = {isa = PBXBuildFile; fileRef = FAEE85F622C2355300BC2A4D /* Main.storyboard */; };
		FAEE85FA22C2355800BC2A4D /* Assets.xcassets in Resources */ = {isa = PBXBuildFile; fileRef = FAEE85F922C2355800BC2A4D /* Assets.xcassets */; };
		FAEE85FD22C2355800BC2A4D /* LaunchScreen.storyboard in Resources */ = {isa = PBXBuildFile; fileRef = FAEE85FB22C2355800BC2A4D /* LaunchScreen.storyboard */; };
/* End PBXBuildFile section */

/* Begin PBXFileReference section */
		4C44D6DC2D889DC27B274D39 /* Pods_Account.framework */ = {isa = PBXFileReference; explicitFileType = wrapper.framework; includeInIndex = 0; path = Pods_Account.framework; sourceTree = BUILT_PRODUCTS_DIR; };
		64428A18F88333084F9B4B34 /* Pods-Account.debug.xcconfig */ = {isa = PBXFileReference; includeInIndex = 1; lastKnownFileType = text.xcconfig; name = "Pods-Account.debug.xcconfig"; path = "Target Support Files/Pods-Account/Pods-Account.debug.xcconfig"; sourceTree = "<group>"; };
		CC3B6C2B5E2FDD5BC830CFED /* Pods-Account.release.xcconfig */ = {isa = PBXFileReference; includeInIndex = 1; lastKnownFileType = text.xcconfig; name = "Pods-Account.release.xcconfig"; path = "Target Support Files/Pods-Account/Pods-Account.release.xcconfig"; sourceTree = "<group>"; };
		FA0AF29422CE092600BF58FE /* ProfileManager.swift */ = {isa = PBXFileReference; lastKnownFileType = sourcecode.swift; path = ProfileManager.swift; sourceTree = "<group>"; };
		FA0C99FC22C6866B003AE9EF /* ServerManager.swift */ = {isa = PBXFileReference; lastKnownFileType = sourcecode.swift; name = ServerManager.swift; path = ../ServerManager/ServerManager.swift; sourceTree = "<group>"; };
		FA10BDDD22D34910001F238E /* GoogleService-Info.plist */ = {isa = PBXFileReference; fileEncoding = 4; lastKnownFileType = text.plist.xml; path = "GoogleService-Info.plist"; sourceTree = "<group>"; };
		FA10BDDF22D36DFC001F238E /* Account.entitlements */ = {isa = PBXFileReference; lastKnownFileType = text.plist.entitlements; path = Account.entitlements; sourceTree = "<group>"; };
		FA10BDE022D3A2F0001F238E /* PhoneVerifyViewController.swift */ = {isa = PBXFileReference; lastKnownFileType = sourcecode.swift; path = PhoneVerifyViewController.swift; sourceTree = "<group>"; };
		FA23DE5722D242CE0038EB07 /* ResetPasswordViewController.swift */ = {isa = PBXFileReference; lastKnownFileType = sourcecode.swift; path = ResetPasswordViewController.swift; sourceTree = "<group>"; };
		FA478AAB22C36F370019AEBD /* credentials.plist */ = {isa = PBXFileReference; fileEncoding = 4; lastKnownFileType = text.plist.xml; path = credentials.plist; sourceTree = "<group>"; };
		FA478AAE22C377A90019AEBD /* Model.swift */ = {isa = PBXFileReference; lastKnownFileType = sourcecode.swift; path = Model.swift; sourceTree = "<group>"; };
		FA478AB022C379FA0019AEBD /* ProfileViewController.swift */ = {isa = PBXFileReference; lastKnownFileType = sourcecode.swift; path = ProfileViewController.swift; sourceTree = "<group>"; };
		FA66136222CF6A3000631C38 /* Extension.swift */ = {isa = PBXFileReference; lastKnownFileType = sourcecode.swift; path = Extension.swift; sourceTree = "<group>"; };
		FAA364FE22D4C9080062E7FE /* PhoneLogInViewController.swift */ = {isa = PBXFileReference; lastKnownFileType = sourcecode.swift; path = PhoneLogInViewController.swift; sourceTree = "<group>"; };
		FAEE85EF22C2355300BC2A4D /* Account.app */ = {isa = PBXFileReference; explicitFileType = wrapper.application; includeInIndex = 0; path = Account.app; sourceTree = BUILT_PRODUCTS_DIR; };
		FAEE85F222C2355300BC2A4D /* AppDelegate.swift */ = {isa = PBXFileReference; lastKnownFileType = sourcecode.swift; path = AppDelegate.swift; sourceTree = "<group>"; };
		FAEE85F422C2355300BC2A4D /* ViewController.swift */ = {isa = PBXFileReference; lastKnownFileType = sourcecode.swift; path = ViewController.swift; sourceTree = "<group>"; };
		FAEE85F722C2355300BC2A4D /* Base */ = {isa = PBXFileReference; lastKnownFileType = file.storyboard; name = Base; path = Base.lproj/Main.storyboard; sourceTree = "<group>"; };
		FAEE85F922C2355800BC2A4D /* Assets.xcassets */ = {isa = PBXFileReference; lastKnownFileType = folder.assetcatalog; path = Assets.xcassets; sourceTree = "<group>"; };
		FAEE85FC22C2355800BC2A4D /* Base */ = {isa = PBXFileReference; lastKnownFileType = file.storyboard; name = Base; path = Base.lproj/LaunchScreen.storyboard; sourceTree = "<group>"; };
		FAEE85FE22C2355800BC2A4D /* Info.plist */ = {isa = PBXFileReference; lastKnownFileType = text.plist.xml; path = Info.plist; sourceTree = "<group>"; };
/* End PBXFileReference section */

/* Begin PBXFrameworksBuildPhase section */
		FAEE85EC22C2355300BC2A4D /* Frameworks */ = {
			isa = PBXFrameworksBuildPhase;
			buildActionMask = 2147483647;
			files = (
				EF1A3A8750FA708E686BC1E0 /* Pods_Account.framework in Frameworks */,
			);
			runOnlyForDeploymentPostprocessing = 0;
		};
/* End PBXFrameworksBuildPhase section */

/* Begin PBXGroup section */
		00595ED55B970312A17FAF55 /* Pods */ = {
			isa = PBXGroup;
			children = (
				64428A18F88333084F9B4B34 /* Pods-Account.debug.xcconfig */,
				CC3B6C2B5E2FDD5BC830CFED /* Pods-Account.release.xcconfig */,
			);
			path = Pods;
			sourceTree = "<group>";
		};
		462FBE61FEADE1E229855ED4 /* Frameworks */ = {
			isa = PBXGroup;
			children = (
				4C44D6DC2D889DC27B274D39 /* Pods_Account.framework */,
			);
			name = Frameworks;
			sourceTree = "<group>";
		};
		FA0AF29322CE08F900BF58FE /* Services */ = {
			isa = PBXGroup;
			children = (
				FA66136122CF69F900631C38 /* Extension */,
				FA0AF29422CE092600BF58FE /* ProfileManager.swift */,
				FA0C99FC22C6866B003AE9EF /* ServerManager.swift */,
				FACC0D2A22E830C800B451C6 /* Controller */,
			);
			path = Services;
			sourceTree = "<group>";
		};
		FA0C99FA22C68455003AE9EF /* View */ = {
			isa = PBXGroup;
			children = (
				FACC0D2922E82EA900B451C6 /* Storyboard */,
			);
			path = View;
			sourceTree = "<group>";
		};
		FA478AAD22C377970019AEBD /* Model */ = {
			isa = PBXGroup;
			children = (
				FA478AAE22C377A90019AEBD /* Model.swift */,
			);
			path = Model;
			sourceTree = "<group>";
		};
		FA66136122CF69F900631C38 /* Extension */ = {
			isa = PBXGroup;
			children = (
				FA66136222CF6A3000631C38 /* Extension.swift */,
			);
			name = Extension;
			path = ../Extension;
			sourceTree = "<group>";
		};
		FACC0D2922E82EA900B451C6 /* Storyboard */ = {
			isa = PBXGroup;
			children = (
				FAEE85F622C2355300BC2A4D /* Main.storyboard */,
				FAEE85FB22C2355800BC2A4D /* LaunchScreen.storyboard */,
			);
			path = Storyboard;
			sourceTree = "<group>";
		};
		FACC0D2A22E830C800B451C6 /* Controller */ = {
			isa = PBXGroup;
			children = (
				FA10BDE022D3A2F0001F238E /* PhoneVerifyViewController.swift */,
				FA478AB022C379FA0019AEBD /* ProfileViewController.swift */,
				FA23DE5722D242CE0038EB07 /* ResetPasswordViewController.swift */,
				FAEE85F422C2355300BC2A4D /* ViewController.swift */,
				FAA364FE22D4C9080062E7FE /* PhoneLogInViewController.swift */,
			);
			path = Controller;
			sourceTree = "<group>";
		};
		FAEE85E622C2355300BC2A4D = {
			isa = PBXGroup;
			children = (
				FAEE85F122C2355300BC2A4D /* Account */,
				FAEE85F022C2355300BC2A4D /* Products */,
				00595ED55B970312A17FAF55 /* Pods */,
				462FBE61FEADE1E229855ED4 /* Frameworks */,
			);
			sourceTree = "<group>";
		};
		FAEE85F022C2355300BC2A4D /* Products */ = {
			isa = PBXGroup;
			children = (
				FAEE85EF22C2355300BC2A4D /* Account.app */,
			);
			name = Products;
			sourceTree = "<group>";
		};
		FAEE85F122C2355300BC2A4D /* Account */ = {
			isa = PBXGroup;
			children = (
				FA10BDDF22D36DFC001F238E /* Account.entitlements */,
				FA0AF29322CE08F900BF58FE /* Services */,
				FA0C99FA22C68455003AE9EF /* View */,
				FA478AAD22C377970019AEBD /* Model */,
				FAEE860422C2356C00BC2A4D /* AppDelegate */,
				FAEE85F922C2355800BC2A4D /* Assets.xcassets */,
				FA10BDDD22D34910001F238E /* GoogleService-Info.plist */,
				FA478AAB22C36F370019AEBD /* credentials.plist */,
				FAEE85FE22C2355800BC2A4D /* Info.plist */,
			);
			path = Account;
			sourceTree = "<group>";
		};
		FAEE860422C2356C00BC2A4D /* AppDelegate */ = {
			isa = PBXGroup;
			children = (
				FAEE85F222C2355300BC2A4D /* AppDelegate.swift */,
			);
			path = AppDelegate;
			sourceTree = "<group>";
		};
/* End PBXGroup section */

/* Begin PBXNativeTarget section */
		FAEE85EE22C2355300BC2A4D /* Account */ = {
			isa = PBXNativeTarget;
			buildConfigurationList = FAEE860122C2355800BC2A4D /* Build configuration list for PBXNativeTarget "Account" */;
			buildPhases = (
				20DFC7569857DE351D429434 /* [CP] Check Pods Manifest.lock */,
				FAEE85EB22C2355300BC2A4D /* Sources */,
				FAEE85EC22C2355300BC2A4D /* Frameworks */,
				FAEE85ED22C2355300BC2A4D /* Resources */,
				2B3782B0498110987276F2EC /* [CP] Embed Pods Frameworks */,
				59A8670543A74897CDA63D85 /* [CP] Copy Pods Resources */,
			);
			buildRules = (
			);
			dependencies = (
			);
			name = Account;
			productName = Account;
			productReference = FAEE85EF22C2355300BC2A4D /* Account.app */;
			productType = "com.apple.product-type.application";
		};
/* End PBXNativeTarget section */

/* Begin PBXProject section */
		FAEE85E722C2355300BC2A4D /* Project object */ = {
			isa = PBXProject;
			attributes = {
				LastSwiftUpdateCheck = 1020;
				LastUpgradeCheck = 1020;
				ORGANIZATIONNAME = Adakhan;
				TargetAttributes = {
					FAEE85EE22C2355300BC2A4D = {
						CreatedOnToolsVersion = 10.2.1;
						SystemCapabilities = {
							com.apple.BackgroundModes = {
								enabled = 1;
							};
							com.apple.Push = {
								enabled = 1;
							};
						};
					};
				};
			};
			buildConfigurationList = FAEE85EA22C2355300BC2A4D /* Build configuration list for PBXProject "Account" */;
			compatibilityVersion = "Xcode 9.3";
			developmentRegion = en;
			hasScannedForEncodings = 0;
			knownRegions = (
				en,
				Base,
			);
			mainGroup = FAEE85E622C2355300BC2A4D;
			productRefGroup = FAEE85F022C2355300BC2A4D /* Products */;
			projectDirPath = "";
			projectRoot = "";
			targets = (
				FAEE85EE22C2355300BC2A4D /* Account */,
			);
		};
/* End PBXProject section */

/* Begin PBXResourcesBuildPhase section */
		FAEE85ED22C2355300BC2A4D /* Resources */ = {
			isa = PBXResourcesBuildPhase;
			buildActionMask = 2147483647;
			files = (
				FAEE85FD22C2355800BC2A4D /* LaunchScreen.storyboard in Resources */,
				FA10BDDE22D34911001F238E /* GoogleService-Info.plist in Resources */,
				FA478AAC22C36F370019AEBD /* credentials.plist in Resources */,
				FAEE85FA22C2355800BC2A4D /* Assets.xcassets in Resources */,
				FAEE85F822C2355300BC2A4D /* Main.storyboard in Resources */,
			);
			runOnlyForDeploymentPostprocessing = 0;
		};
/* End PBXResourcesBuildPhase section */

/* Begin PBXShellScriptBuildPhase section */
		20DFC7569857DE351D429434 /* [CP] Check Pods Manifest.lock */ = {
			isa = PBXShellScriptBuildPhase;
			buildActionMask = 2147483647;
			files = (
			);
			inputFileListPaths = (
			);
			inputPaths = (
				"${PODS_PODFILE_DIR_PATH}/Podfile.lock",
				"${PODS_ROOT}/Manifest.lock",
			);
			name = "[CP] Check Pods Manifest.lock";
			outputFileListPaths = (
			);
			outputPaths = (
				"$(DERIVED_FILE_DIR)/Pods-Account-checkManifestLockResult.txt",
			);
			runOnlyForDeploymentPostprocessing = 0;
			shellPath = /bin/sh;
			shellScript = "diff \"${PODS_PODFILE_DIR_PATH}/Podfile.lock\" \"${PODS_ROOT}/Manifest.lock\" > /dev/null\nif [ $? != 0 ] ; then\n    # print error to STDERR\n    echo \"error: The sandbox is not in sync with the Podfile.lock. Run 'pod install' or update your CocoaPods installation.\" >&2\n    exit 1\nfi\n# This output is used by Xcode 'outputs' to avoid re-running this script phase.\necho \"SUCCESS\" > \"${SCRIPT_OUTPUT_FILE_0}\"\n";
			showEnvVarsInLog = 0;
		};
		2B3782B0498110987276F2EC /* [CP] Embed Pods Frameworks */ = {
			isa = PBXShellScriptBuildPhase;
			buildActionMask = 2147483647;
			files = (
			);
			inputFileListPaths = (
				"${PODS_ROOT}/Target Support Files/Pods-Account/Pods-Account-frameworks-${CONFIGURATION}-input-files.xcfilelist",
			);
			name = "[CP] Embed Pods Frameworks";
			outputFileListPaths = (
				"${PODS_ROOT}/Target Support Files/Pods-Account/Pods-Account-frameworks-${CONFIGURATION}-output-files.xcfilelist",
			);
			runOnlyForDeploymentPostprocessing = 0;
			shellPath = /bin/sh;
			shellScript = "\"${PODS_ROOT}/Target Support Files/Pods-Account/Pods-Account-frameworks.sh\"\n";
			showEnvVarsInLog = 0;
		};
		59A8670543A74897CDA63D85 /* [CP] Copy Pods Resources */ = {
			isa = PBXShellScriptBuildPhase;
			buildActionMask = 2147483647;
			files = (
			);
			inputFileListPaths = (
				"${PODS_ROOT}/Target Support Files/Pods-Account/Pods-Account-resources-${CONFIGURATION}-input-files.xcfilelist",
			);
			name = "[CP] Copy Pods Resources";
			outputFileListPaths = (
				"${PODS_ROOT}/Target Support Files/Pods-Account/Pods-Account-resources-${CONFIGURATION}-output-files.xcfilelist",
			);
			runOnlyForDeploymentPostprocessing = 0;
			shellPath = /bin/sh;
			shellScript = "\"${PODS_ROOT}/Target Support Files/Pods-Account/Pods-Account-resources.sh\"\n";
			showEnvVarsInLog = 0;
		};
/* End PBXShellScriptBuildPhase section */

/* Begin PBXSourcesBuildPhase section */
		FAEE85EB22C2355300BC2A4D /* Sources */ = {
			isa = PBXSourcesBuildPhase;
			buildActionMask = 2147483647;
			files = (
				FA0C99FD22C6866B003AE9EF /* ServerManager.swift in Sources */,
				FA0AF29522CE092600BF58FE /* ProfileManager.swift in Sources */,
				FA66136322CF6A3000631C38 /* Extension.swift in Sources */,
				FA23DE5822D242CE0038EB07 /* ResetPasswordViewController.swift in Sources */,
				FA478AAF22C377A90019AEBD /* Model.swift in Sources */,
				FAEE85F522C2355300BC2A4D /* ViewController.swift in Sources */,
				FA478AB122C379FA0019AEBD /* ProfileViewController.swift in Sources */,
				FAEE85F322C2355300BC2A4D /* AppDelegate.swift in Sources */,
				FA10BDE122D3A2F0001F238E /* PhoneVerifyViewController.swift in Sources */,
				FAA364FF22D4C9080062E7FE /* PhoneLogInViewController.swift in Sources */,
			);
			runOnlyForDeploymentPostprocessing = 0;
		};
/* End PBXSourcesBuildPhase section */

/* Begin PBXVariantGroup section */
		FAEE85F622C2355300BC2A4D /* Main.storyboard */ = {
			isa = PBXVariantGroup;
			children = (
				FAEE85F722C2355300BC2A4D /* Base */,
			);
			name = Main.storyboard;
			sourceTree = "<group>";
		};
		FAEE85FB22C2355800BC2A4D /* LaunchScreen.storyboard */ = {
			isa = PBXVariantGroup;
			children = (
				FAEE85FC22C2355800BC2A4D /* Base */,
			);
			name = LaunchScreen.storyboard;
			sourceTree = "<group>";
		};
/* End PBXVariantGroup section */

/* Begin XCBuildConfiguration section */
		FAEE85FF22C2355800BC2A4D /* Debug */ = {
			isa = XCBuildConfiguration;
			buildSettings = {
				ALWAYS_SEARCH_USER_PATHS = NO;
				CLANG_ANALYZER_NONNULL = YES;
				CLANG_ANALYZER_NUMBER_OBJECT_CONVERSION = YES_AGGRESSIVE;
				CLANG_CXX_LANGUAGE_STANDARD = "gnu++14";
				CLANG_CXX_LIBRARY = "libc++";
				CLANG_ENABLE_MODULES = YES;
				CLANG_ENABLE_OBJC_ARC = YES;
				CLANG_ENABLE_OBJC_WEAK = YES;
				CLANG_WARN_BLOCK_CAPTURE_AUTORELEASING = YES;
				CLANG_WARN_BOOL_CONVERSION = YES;
				CLANG_WARN_COMMA = YES;
				CLANG_WARN_CONSTANT_CONVERSION = YES;
				CLANG_WARN_DEPRECATED_OBJC_IMPLEMENTATIONS = YES;
				CLANG_WARN_DIRECT_OBJC_ISA_USAGE = YES_ERROR;
				CLANG_WARN_DOCUMENTATION_COMMENTS = YES;
				CLANG_WARN_EMPTY_BODY = YES;
				CLANG_WARN_ENUM_CONVERSION = YES;
				CLANG_WARN_INFINITE_RECURSION = YES;
				CLANG_WARN_INT_CONVERSION = YES;
				CLANG_WARN_NON_LITERAL_NULL_CONVERSION = YES;
				CLANG_WARN_OBJC_IMPLICIT_RETAIN_SELF = YES;
				CLANG_WARN_OBJC_LITERAL_CONVERSION = YES;
				CLANG_WARN_OBJC_ROOT_CLASS = YES_ERROR;
				CLANG_WARN_RANGE_LOOP_ANALYSIS = YES;
				CLANG_WARN_STRICT_PROTOTYPES = YES;
				CLANG_WARN_SUSPICIOUS_MOVE = YES;
				CLANG_WARN_UNGUARDED_AVAILABILITY = YES_AGGRESSIVE;
				CLANG_WARN_UNREACHABLE_CODE = YES;
				CLANG_WARN__DUPLICATE_METHOD_MATCH = YES;
				CODE_SIGN_IDENTITY = "iPhone Developer";
				COPY_PHASE_STRIP = NO;
				DEBUG_INFORMATION_FORMAT = dwarf;
				ENABLE_STRICT_OBJC_MSGSEND = YES;
				ENABLE_TESTABILITY = YES;
				GCC_C_LANGUAGE_STANDARD = gnu11;
				GCC_DYNAMIC_NO_PIC = NO;
				GCC_NO_COMMON_BLOCKS = YES;
				GCC_OPTIMIZATION_LEVEL = 0;
				GCC_PREPROCESSOR_DEFINITIONS = (
					"DEBUG=1",
					"$(inherited)",
				);
				GCC_WARN_64_TO_32_BIT_CONVERSION = YES;
				GCC_WARN_ABOUT_RETURN_TYPE = YES_ERROR;
				GCC_WARN_UNDECLARED_SELECTOR = YES;
				GCC_WARN_UNINITIALIZED_AUTOS = YES_AGGRESSIVE;
				GCC_WARN_UNUSED_FUNCTION = YES;
				GCC_WARN_UNUSED_VARIABLE = YES;
				IPHONEOS_DEPLOYMENT_TARGET = 12.2;
				MTL_ENABLE_DEBUG_INFO = INCLUDE_SOURCE;
				MTL_FAST_MATH = YES;
				ONLY_ACTIVE_ARCH = YES;
				SDKROOT = iphoneos;
				SWIFT_ACTIVE_COMPILATION_CONDITIONS = DEBUG;
				SWIFT_OPTIMIZATION_LEVEL = "-Onone";
			};
			name = Debug;
		};
		FAEE860022C2355800BC2A4D /* Release */ = {
			isa = XCBuildConfiguration;
			buildSettings = {
				ALWAYS_SEARCH_USER_PATHS = NO;
				CLANG_ANALYZER_NONNULL = YES;
				CLANG_ANALYZER_NUMBER_OBJECT_CONVERSION = YES_AGGRESSIVE;
				CLANG_CXX_LANGUAGE_STANDARD = "gnu++14";
				CLANG_CXX_LIBRARY = "libc++";
				CLANG_ENABLE_MODULES = YES;
				CLANG_ENABLE_OBJC_ARC = YES;
				CLANG_ENABLE_OBJC_WEAK = YES;
				CLANG_WARN_BLOCK_CAPTURE_AUTORELEASING = YES;
				CLANG_WARN_BOOL_CONVERSION = YES;
				CLANG_WARN_COMMA = YES;
				CLANG_WARN_CONSTANT_CONVERSION = YES;
				CLANG_WARN_DEPRECATED_OBJC_IMPLEMENTATIONS = YES;
				CLANG_WARN_DIRECT_OBJC_ISA_USAGE = YES_ERROR;
				CLANG_WARN_DOCUMENTATION_COMMENTS = YES;
				CLANG_WARN_EMPTY_BODY = YES;
				CLANG_WARN_ENUM_CONVERSION = YES;
				CLANG_WARN_INFINITE_RECURSION = YES;
				CLANG_WARN_INT_CONVERSION = YES;
				CLANG_WARN_NON_LITERAL_NULL_CONVERSION = YES;
				CLANG_WARN_OBJC_IMPLICIT_RETAIN_SELF = YES;
				CLANG_WARN_OBJC_LITERAL_CONVERSION = YES;
				CLANG_WARN_OBJC_ROOT_CLASS = YES_ERROR;
				CLANG_WARN_RANGE_LOOP_ANALYSIS = YES;
				CLANG_WARN_STRICT_PROTOTYPES = YES;
				CLANG_WARN_SUSPICIOUS_MOVE = YES;
				CLANG_WARN_UNGUARDED_AVAILABILITY = YES_AGGRESSIVE;
				CLANG_WARN_UNREACHABLE_CODE = YES;
				CLANG_WARN__DUPLICATE_METHOD_MATCH = YES;
				CODE_SIGN_IDENTITY = "iPhone Developer";
				COPY_PHASE_STRIP = NO;
				DEBUG_INFORMATION_FORMAT = "dwarf-with-dsym";
				ENABLE_NS_ASSERTIONS = NO;
				ENABLE_STRICT_OBJC_MSGSEND = YES;
				GCC_C_LANGUAGE_STANDARD = gnu11;
				GCC_NO_COMMON_BLOCKS = YES;
				GCC_WARN_64_TO_32_BIT_CONVERSION = YES;
				GCC_WARN_ABOUT_RETURN_TYPE = YES_ERROR;
				GCC_WARN_UNDECLARED_SELECTOR = YES;
				GCC_WARN_UNINITIALIZED_AUTOS = YES_AGGRESSIVE;
				GCC_WARN_UNUSED_FUNCTION = YES;
				GCC_WARN_UNUSED_VARIABLE = YES;
				IPHONEOS_DEPLOYMENT_TARGET = 12.2;
				MTL_ENABLE_DEBUG_INFO = NO;
				MTL_FAST_MATH = YES;
				SDKROOT = iphoneos;
				SWIFT_COMPILATION_MODE = wholemodule;
				SWIFT_OPTIMIZATION_LEVEL = "-O";
				VALIDATE_PRODUCT = YES;
			};
			name = Release;
		};
		FAEE860222C2355800BC2A4D /* Debug */ = {
			isa = XCBuildConfiguration;
			baseConfigurationReference = 64428A18F88333084F9B4B34 /* Pods-Account.debug.xcconfig */;
			buildSettings = {
				ASSETCATALOG_COMPILER_APPICON_NAME = AppIcon;
				CODE_SIGN_ENTITLEMENTS = Account/Account.entitlements;
				CODE_SIGN_STYLE = Automatic;
				DEVELOPMENT_TEAM = U5DCDBG2W2;
				INFOPLIST_FILE = Account/Info.plist;
				LD_RUNPATH_SEARCH_PATHS = (
					"$(inherited)",
					"@executable_path/Frameworks",
				);
				PRODUCT_BUNDLE_IDENTIFIER = com.neobis.Account;
				PRODUCT_NAME = "$(TARGET_NAME)";
				SWIFT_VERSION = 5.0;
				TARGETED_DEVICE_FAMILY = "1,2";
			};
			name = Debug;
		};
		FAEE860322C2355800BC2A4D /* Release */ = {
			isa = XCBuildConfiguration;
			baseConfigurationReference = CC3B6C2B5E2FDD5BC830CFED /* Pods-Account.release.xcconfig */;
			buildSettings = {
				ASSETCATALOG_COMPILER_APPICON_NAME = AppIcon;
				CODE_SIGN_ENTITLEMENTS = Account/Account.entitlements;
				CODE_SIGN_STYLE = Automatic;
				DEVELOPMENT_TEAM = U5DCDBG2W2;
				INFOPLIST_FILE = Account/Info.plist;
				LD_RUNPATH_SEARCH_PATHS = (
					"$(inherited)",
					"@executable_path/Frameworks",
				);
				PRODUCT_BUNDLE_IDENTIFIER = com.neobis.Account;
				PRODUCT_NAME = "$(TARGET_NAME)";
				SWIFT_VERSION = 5.0;
				TARGETED_DEVICE_FAMILY = "1,2";
			};
			name = Release;
		};
/* End XCBuildConfiguration section */

/* Begin XCConfigurationList section */
		FAEE85EA22C2355300BC2A4D /* Build configuration list for PBXProject "Account" */ = {
			isa = XCConfigurationList;
			buildConfigurations = (
				FAEE85FF22C2355800BC2A4D /* Debug */,
				FAEE860022C2355800BC2A4D /* Release */,
			);
			defaultConfigurationIsVisible = 0;
			defaultConfigurationName = Release;
		};
		FAEE860122C2355800BC2A4D /* Build configuration list for PBXNativeTarget "Account" */ = {
			isa = XCConfigurationList;
			buildConfigurations = (
				FAEE860222C2355800BC2A4D /* Debug */,
				FAEE860322C2355800BC2A4D /* Release */,
			);
			defaultConfigurationIsVisible = 0;
			defaultConfigurationName = Release;
		};
/* End XCConfigurationList section */
	};
	rootObject = FAEE85E722C2355300BC2A4D /* Project object */;
}
